
Microsoft Visual Studio Solution File, Format Version 12.00
# Visual Studio Version 17
VisualStudioVersion = 17.1.32210.238
MinimumVisualStudioVersion = 10.0.40219.1
Project("{FAE04EC0-301F-11D3-BF4B-00C04F79EFBC}") = "e_ticket", "e_ticket.csproj", "{DC75824A-209B-4C3D-ADE3-7F6251D3086D}"
EndProject
Global
	GlobalSection(SolutionConfigurationPlatforms) = preSolution
		Debug|Any CPU = Debug|Any CPU
		Release|Any CPU = Release|Any CPU
	EndGlobalSection
	GlobalSection(ProjectConfigurationPlatforms) = postSolution
		{DC75824A-209B-4C3D-ADE3-7F6251D3086D}.Debug|Any CPU.ActiveCfg = Debug|Any CPU
		{DC75824A-209B-4C3D-ADE3-7F6251D3086D}.Debug|Any CPU.Build.0 = Debug|Any CPU
		{DC75824A-209B-4C3D-ADE3-7F6251D3086D}.Release|Any CPU.ActiveCfg = Release|Any CPU
		{DC75824A-209B-4C3D-ADE3-7F6251D3086D}.Release|Any CPU.Build.0 = Release|Any CPU
	EndGlobalSection
	GlobalSection(SolutionProperties) = preSolution
		HideSolutionNode = FALSE
	EndGlobalSection
	GlobalSection(ExtensibilityGlobals) = postSolution
		SolutionGuid = {EE3E92A2-6F4E-49D5-B5EA-918936E456CA}
	EndGlobalSection
EndGlobal
